
Microsoft Visual Studio Solution File, Format Version 12.00
# Visual Studio Version 17
VisualStudioVersion = 17.6.33801.468
MinimumVisualStudioVersion = 10.0.40219.1
Project("{9A19103F-16F7-4668-BE54-9A1E7A4F7556}") = "AbstractFactory", "Creational Patterns\AbstractFactory\AbstractFactory.csproj", "{BB5BF2EE-2CB2-458B-8198-FA94F403A62C}"
EndProject
Project("{9A19103F-16F7-4668-BE54-9A1E7A4F7556}") = "Builder", "Creational Patterns\Builder\Builder.csproj", "{8C09473A-A1C8-4B1C-9C40-24F1235409A6}"
EndProject
Project("{9A19103F-16F7-4668-BE54-9A1E7A4F7556}") = "FactoryMethod", "Creational Patterns\FactoryMethod\FactoryMethod.csproj", "{E669BF1F-3470-4CAF-AD5E-4A4ABE5BD0DA}"
EndProject
Project("{9A19103F-16F7-4668-BE54-9A1E7A4F7556}") = "Prototype", "Creational Patterns\Prototype\Prototype.csproj", "{F8E2FAB5-8565-4256-8BCE-E9AB0FF58269}"
EndProject
Project("{9A19103F-16F7-4668-BE54-9A1E7A4F7556}") = "Singleton", "Creational Patterns\Singleton\Singleton.csproj", "{2D8B165F-85DF-4F05-9860-532D74B39216}"
EndProject
Project("{2150E333-8FDC-42A3-9474-1A3956D46DE8}") = "Creational Patterns", "Creational Patterns", "{85D3C629-3DF9-4312-AFC5-7CC83116CE64}"
EndProject
Project("{9A19103F-16F7-4668-BE54-9A1E7A4F7556}") = "Adapter", "Structural Patterns\Adapter\Adapter.csproj", "{0F3A0FEC-67C8-43DC-B8E6-573F3902DEBE}"
EndProject
Project("{9A19103F-16F7-4668-BE54-9A1E7A4F7556}") = "Bridge", "Structural Patterns\Bridge\Bridge.csproj", "{DF905531-0BB7-4418-9485-849BEF8CF85E}"
EndProject
Project("{9A19103F-16F7-4668-BE54-9A1E7A4F7556}") = "Composite", "Structural Patterns\Composite\Composite.csproj", "{9F69757D-B05C-4613-ADB4-A5F2CB172155}"
EndProject
Project("{9A19103F-16F7-4668-BE54-9A1E7A4F7556}") = "Decorator", "Structural Patterns\Decorator\Decorator.csproj", "{BBE77612-A29F-4390-AA8C-B4B092FD6795}"
EndProject
Project("{9A19103F-16F7-4668-BE54-9A1E7A4F7556}") = "Facade", "Structural Patterns\Facade\Facade.csproj", "{EFB806D9-D58A-4256-89CE-D3C69DF4C5B0}"
EndProject
Project("{9A19103F-16F7-4668-BE54-9A1E7A4F7556}") = "Flyweight", "Structural Patterns\Flyweight\Flyweight.csproj", "{6EE23E0A-35AA-4948-96F3-FB2477D3FA09}"
EndProject
Project("{9A19103F-16F7-4668-BE54-9A1E7A4F7556}") = "Proxy", "Structural Patterns\Proxy\Proxy.csproj", "{CD753A6F-6A65-43C1-8D3B-0E699A1C06C2}"
EndProject
Project("{2150E333-8FDC-42A3-9474-1A3956D46DE8}") = "Structural Patterns", "Structural Patterns", "{2DD5514F-B8EA-46F3-8028-F9A32D476DB4}"
EndProject
Project("{2150E333-8FDC-42A3-9474-1A3956D46DE8}") = "Behavioral Patterns", "Behavioral Patterns", "{022A6A39-0957-4B6E-AE37-5E957CC35C78}"
EndProject
Project("{9A19103F-16F7-4668-BE54-9A1E7A4F7556}") = "ChainOfResponsibility", "Behavioral Patterns\ChainOfResponsibility\ChainOfResponsibility.csproj", "{0A0742F2-E047-44FC-B2FD-37A45A6950AC}"
EndProject
Project("{9A19103F-16F7-4668-BE54-9A1E7A4F7556}") = "Command", "Behavioral Patterns\Command\Command.csproj", "{DB4431ED-5D77-4435-BC74-AB067D7AFFC6}"
EndProject
Project("{9A19103F-16F7-4668-BE54-9A1E7A4F7556}") = "Iterator", "Behavioral Patterns\Iterator\Iterator.csproj", "{306406DE-337D-4E30-BC83-9A2AB5E8A34D}"
EndProject
Project("{9A19103F-16F7-4668-BE54-9A1E7A4F7556}") = "Mediator", "Behavioral Patterns\Mediator\Mediator.csproj", "{047EA9ED-B9E5-40B1-8AE5-DC5E708033BC}"
EndProject
Project("{9A19103F-16F7-4668-BE54-9A1E7A4F7556}") = "Memento", "Behavioral Patterns\Memento\Memento.csproj", "{09B8EC2B-FF1C-4C13-97B9-A6C444719474}"
EndProject
Project("{9A19103F-16F7-4668-BE54-9A1E7A4F7556}") = "Observer", "Behavioral Patterns\Observer\Observer.csproj", "{126754D2-8337-4B7E-8E59-103E02EA24DB}"
EndProject
Project("{9A19103F-16F7-4668-BE54-9A1E7A4F7556}") = "State", "Behavioral Patterns\State\State.csproj", "{617A9AA5-5538-4085-829F-E77CC2CBF18B}"
EndProject
Project("{9A19103F-16F7-4668-BE54-9A1E7A4F7556}") = "Strategy", "Behavioral Patterns\Strategy\Strategy.csproj", "{BA08CFF8-1D1D-471C-AA20-9107F88E3765}"
EndProject
Project("{9A19103F-16F7-4668-BE54-9A1E7A4F7556}") = "TemplateMethod", "Behavioral Patterns\TemplateMethod\TemplateMethod.csproj", "{D2BE48B8-5904-45D9-9F5C-DDA91D2B27D8}"
EndProject
Project("{9A19103F-16F7-4668-BE54-9A1E7A4F7556}") = "Visitor", "Behavioral Patterns\Visitor\Visitor.csproj", "{8F3EE783-7E98-478B-BB99-4837F4DA1ACD}"
EndProject
Global
	GlobalSection(SolutionConfigurationPlatforms) = preSolution
		Debug|Any CPU = Debug|Any CPU
		Release|Any CPU = Release|Any CPU
	EndGlobalSection
	GlobalSection(ProjectConfigurationPlatforms) = postSolution
		{BB5BF2EE-2CB2-458B-8198-FA94F403A62C}.Debug|Any CPU.ActiveCfg = Debug|Any CPU
		{BB5BF2EE-2CB2-458B-8198-FA94F403A62C}.Debug|Any CPU.Build.0 = Debug|Any CPU
		{BB5BF2EE-2CB2-458B-8198-FA94F403A62C}.Release|Any CPU.ActiveCfg = Release|Any CPU
		{BB5BF2EE-2CB2-458B-8198-FA94F403A62C}.Release|Any CPU.Build.0 = Release|Any CPU
		{8C09473A-A1C8-4B1C-9C40-24F1235409A6}.Debug|Any CPU.ActiveCfg = Debug|Any CPU
		{8C09473A-A1C8-4B1C-9C40-24F1235409A6}.Debug|Any CPU.Build.0 = Debug|Any CPU
		{8C09473A-A1C8-4B1C-9C40-24F1235409A6}.Release|Any CPU.ActiveCfg = Release|Any CPU
		{8C09473A-A1C8-4B1C-9C40-24F1235409A6}.Release|Any CPU.Build.0 = Release|Any CPU
		{E669BF1F-3470-4CAF-AD5E-4A4ABE5BD0DA}.Debug|Any CPU.ActiveCfg = Debug|Any CPU
		{E669BF1F-3470-4CAF-AD5E-4A4ABE5BD0DA}.Debug|Any CPU.Build.0 = Debug|Any CPU
		{E669BF1F-3470-4CAF-AD5E-4A4ABE5BD0DA}.Release|Any CPU.ActiveCfg = Release|Any CPU
		{E669BF1F-3470-4CAF-AD5E-4A4ABE5BD0DA}.Release|Any CPU.Build.0 = Release|Any CPU
		{F8E2FAB5-8565-4256-8BCE-E9AB0FF58269}.Debug|Any CPU.ActiveCfg = Debug|Any CPU
		{F8E2FAB5-8565-4256-8BCE-E9AB0FF58269}.Debug|Any CPU.Build.0 = Debug|Any CPU
		{F8E2FAB5-8565-4256-8BCE-E9AB0FF58269}.Release|Any CPU.ActiveCfg = Release|Any CPU
		{F8E2FAB5-8565-4256-8BCE-E9AB0FF58269}.Release|Any CPU.Build.0 = Release|Any CPU
		{2D8B165F-85DF-4F05-9860-532D74B39216}.Debug|Any CPU.ActiveCfg = Debug|Any CPU
		{2D8B165F-85DF-4F05-9860-532D74B39216}.Debug|Any CPU.Build.0 = Debug|Any CPU
		{2D8B165F-85DF-4F05-9860-532D74B39216}.Release|Any CPU.ActiveCfg = Release|Any CPU
		{2D8B165F-85DF-4F05-9860-532D74B39216}.Release|Any CPU.Build.0 = Release|Any CPU
		{0F3A0FEC-67C8-43DC-B8E6-573F3902DEBE}.Debug|Any CPU.ActiveCfg = Debug|Any CPU
		{0F3A0FEC-67C8-43DC-B8E6-573F3902DEBE}.Debug|Any CPU.Build.0 = Debug|Any CPU
		{0F3A0FEC-67C8-43DC-B8E6-573F3902DEBE}.Release|Any CPU.ActiveCfg = Release|Any CPU
		{0F3A0FEC-67C8-43DC-B8E6-573F3902DEBE}.Release|Any CPU.Build.0 = Release|Any CPU
		{DF905531-0BB7-4418-9485-849BEF8CF85E}.Debug|Any CPU.ActiveCfg = Debug|Any CPU
		{DF905531-0BB7-4418-9485-849BEF8CF85E}.Debug|Any CPU.Build.0 = Debug|Any CPU
		{DF905531-0BB7-4418-9485-849BEF8CF85E}.Release|Any CPU.ActiveCfg = Release|Any CPU
		{DF905531-0BB7-4418-9485-849BEF8CF85E}.Release|Any CPU.Build.0 = Release|Any CPU
		{9F69757D-B05C-4613-ADB4-A5F2CB172155}.Debug|Any CPU.ActiveCfg = Debug|Any CPU
		{9F69757D-B05C-4613-ADB4-A5F2CB172155}.Debug|Any CPU.Build.0 = Debug|Any CPU
		{9F69757D-B05C-4613-ADB4-A5F2CB172155}.Release|Any CPU.ActiveCfg = Release|Any CPU
		{9F69757D-B05C-4613-ADB4-A5F2CB172155}.Release|Any CPU.Build.0 = Release|Any CPU
		{BBE77612-A29F-4390-AA8C-B4B092FD6795}.Debug|Any CPU.ActiveCfg = Debug|Any CPU
		{BBE77612-A29F-4390-AA8C-B4B092FD6795}.Debug|Any CPU.Build.0 = Debug|Any CPU
		{BBE77612-A29F-4390-AA8C-B4B092FD6795}.Release|Any CPU.ActiveCfg = Release|Any CPU
		{BBE77612-A29F-4390-AA8C-B4B092FD6795}.Release|Any CPU.Build.0 = Release|Any CPU
		{EFB806D9-D58A-4256-89CE-D3C69DF4C5B0}.Debug|Any CPU.ActiveCfg = Debug|Any CPU
		{EFB806D9-D58A-4256-89CE-D3C69DF4C5B0}.Debug|Any CPU.Build.0 = Debug|Any CPU
		{EFB806D9-D58A-4256-89CE-D3C69DF4C5B0}.Release|Any CPU.ActiveCfg = Release|Any CPU
		{EFB806D9-D58A-4256-89CE-D3C69DF4C5B0}.Release|Any CPU.Build.0 = Release|Any CPU
		{6EE23E0A-35AA-4948-96F3-FB2477D3FA09}.Debug|Any CPU.ActiveCfg = Debug|Any CPU
		{6EE23E0A-35AA-4948-96F3-FB2477D3FA09}.Debug|Any CPU.Build.0 = Debug|Any CPU
		{6EE23E0A-35AA-4948-96F3-FB2477D3FA09}.Release|Any CPU.ActiveCfg = Release|Any CPU
		{6EE23E0A-35AA-4948-96F3-FB2477D3FA09}.Release|Any CPU.Build.0 = Release|Any CPU
		{CD753A6F-6A65-43C1-8D3B-0E699A1C06C2}.Debug|Any CPU.ActiveCfg = Debug|Any CPU
		{CD753A6F-6A65-43C1-8D3B-0E699A1C06C2}.Debug|Any CPU.Build.0 = Debug|Any CPU
		{CD753A6F-6A65-43C1-8D3B-0E699A1C06C2}.Release|Any CPU.ActiveCfg = Release|Any CPU
		{CD753A6F-6A65-43C1-8D3B-0E699A1C06C2}.Release|Any CPU.Build.0 = Release|Any CPU
		{0A0742F2-E047-44FC-B2FD-37A45A6950AC}.Debug|Any CPU.ActiveCfg = Debug|Any CPU
		{0A0742F2-E047-44FC-B2FD-37A45A6950AC}.Debug|Any CPU.Build.0 = Debug|Any CPU
		{0A0742F2-E047-44FC-B2FD-37A45A6950AC}.Release|Any CPU.ActiveCfg = Release|Any CPU
		{0A0742F2-E047-44FC-B2FD-37A45A6950AC}.Release|Any CPU.Build.0 = Release|Any CPU
		{DB4431ED-5D77-4435-BC74-AB067D7AFFC6}.Debug|Any CPU.ActiveCfg = Debug|Any CPU
		{DB4431ED-5D77-4435-BC74-AB067D7AFFC6}.Debug|Any CPU.Build.0 = Debug|Any CPU
		{DB4431ED-5D77-4435-BC74-AB067D7AFFC6}.Release|Any CPU.ActiveCfg = Release|Any CPU
		{DB4431ED-5D77-4435-BC74-AB067D7AFFC6}.Release|Any CPU.Build.0 = Release|Any CPU
		{306406DE-337D-4E30-BC83-9A2AB5E8A34D}.Debug|Any CPU.ActiveCfg = Debug|Any CPU
		{306406DE-337D-4E30-BC83-9A2AB5E8A34D}.Debug|Any CPU.Build.0 = Debug|Any CPU
		{306406DE-337D-4E30-BC83-9A2AB5E8A34D}.Release|Any CPU.ActiveCfg = Release|Any CPU
		{306406DE-337D-4E30-BC83-9A2AB5E8A34D}.Release|Any CPU.Build.0 = Release|Any CPU
		{047EA9ED-B9E5-40B1-8AE5-DC5E708033BC}.Debug|Any CPU.ActiveCfg = Debug|Any CPU
		{047EA9ED-B9E5-40B1-8AE5-DC5E708033BC}.Debug|Any CPU.Build.0 = Debug|Any CPU
		{047EA9ED-B9E5-40B1-8AE5-DC5E708033BC}.Release|Any CPU.ActiveCfg = Release|Any CPU
		{047EA9ED-B9E5-40B1-8AE5-DC5E708033BC}.Release|Any CPU.Build.0 = Release|Any CPU
		{09B8EC2B-FF1C-4C13-97B9-A6C444719474}.Debug|Any CPU.ActiveCfg = Debug|Any CPU
		{09B8EC2B-FF1C-4C13-97B9-A6C444719474}.Debug|Any CPU.Build.0 = Debug|Any CPU
		{09B8EC2B-FF1C-4C13-97B9-A6C444719474}.Release|Any CPU.ActiveCfg = Release|Any CPU
		{09B8EC2B-FF1C-4C13-97B9-A6C444719474}.Release|Any CPU.Build.0 = Release|Any CPU
		{126754D2-8337-4B7E-8E59-103E02EA24DB}.Debug|Any CPU.ActiveCfg = Debug|Any CPU
		{126754D2-8337-4B7E-8E59-103E02EA24DB}.Debug|Any CPU.Build.0 = Debug|Any CPU
		{126754D2-8337-4B7E-8E59-103E02EA24DB}.Release|Any CPU.ActiveCfg = Release|Any CPU
		{126754D2-8337-4B7E-8E59-103E02EA24DB}.Release|Any CPU.Build.0 = Release|Any CPU
		{617A9AA5-5538-4085-829F-E77CC2CBF18B}.Debug|Any CPU.ActiveCfg = Debug|Any CPU
		{617A9AA5-5538-4085-829F-E77CC2CBF18B}.Debug|Any CPU.Build.0 = Debug|Any CPU
		{617A9AA5-5538-4085-829F-E77CC2CBF18B}.Release|Any CPU.ActiveCfg = Release|Any CPU
		{617A9AA5-5538-4085-829F-E77CC2CBF18B}.Release|Any CPU.Build.0 = Release|Any CPU
		{BA08CFF8-1D1D-471C-AA20-9107F88E3765}.Debug|Any CPU.ActiveCfg = Debug|Any CPU
		{BA08CFF8-1D1D-471C-AA20-9107F88E3765}.Debug|Any CPU.Build.0 = Debug|Any CPU
		{BA08CFF8-1D1D-471C-AA20-9107F88E3765}.Release|Any CPU.ActiveCfg = Release|Any CPU
		{BA08CFF8-1D1D-471C-AA20-9107F88E3765}.Release|Any CPU.Build.0 = Release|Any CPU
		{D2BE48B8-5904-45D9-9F5C-DDA91D2B27D8}.Debug|Any CPU.ActiveCfg = Debug|Any CPU
		{D2BE48B8-5904-45D9-9F5C-DDA91D2B27D8}.Debug|Any CPU.Build.0 = Debug|Any CPU
		{D2BE48B8-5904-45D9-9F5C-DDA91D2B27D8}.Release|Any CPU.ActiveCfg = Release|Any CPU
		{D2BE48B8-5904-45D9-9F5C-DDA91D2B27D8}.Release|Any CPU.Build.0 = Release|Any CPU
		{8F3EE783-7E98-478B-BB99-4837F4DA1ACD}.Debug|Any CPU.ActiveCfg = Debug|Any CPU
		{8F3EE783-7E98-478B-BB99-4837F4DA1ACD}.Debug|Any CPU.Build.0 = Debug|Any CPU
		{8F3EE783-7E98-478B-BB99-4837F4DA1ACD}.Release|Any CPU.ActiveCfg = Release|Any CPU
		{8F3EE783-7E98-478B-BB99-4837F4DA1ACD}.Release|Any CPU.Build.0 = Release|Any CPU
	EndGlobalSection
	GlobalSection(SolutionProperties) = preSolution
		HideSolutionNode = FALSE
	EndGlobalSection
	GlobalSection(NestedProjects) = preSolution
		{BB5BF2EE-2CB2-458B-8198-FA94F403A62C} = {85D3C629-3DF9-4312-AFC5-7CC83116CE64}
		{8C09473A-A1C8-4B1C-9C40-24F1235409A6} = {85D3C629-3DF9-4312-AFC5-7CC83116CE64}
		{E669BF1F-3470-4CAF-AD5E-4A4ABE5BD0DA} = {85D3C629-3DF9-4312-AFC5-7CC83116CE64}
		{F8E2FAB5-8565-4256-8BCE-E9AB0FF58269} = {85D3C629-3DF9-4312-AFC5-7CC83116CE64}
		{2D8B165F-85DF-4F05-9860-532D74B39216} = {85D3C629-3DF9-4312-AFC5-7CC83116CE64}
		{0F3A0FEC-67C8-43DC-B8E6-573F3902DEBE} = {2DD5514F-B8EA-46F3-8028-F9A32D476DB4}
		{DF905531-0BB7-4418-9485-849BEF8CF85E} = {2DD5514F-B8EA-46F3-8028-F9A32D476DB4}
		{9F69757D-B05C-4613-ADB4-A5F2CB172155} = {2DD5514F-B8EA-46F3-8028-F9A32D476DB4}
		{BBE77612-A29F-4390-AA8C-B4B092FD6795} = {2DD5514F-B8EA-46F3-8028-F9A32D476DB4}
		{EFB806D9-D58A-4256-89CE-D3C69DF4C5B0} = {2DD5514F-B8EA-46F3-8028-F9A32D476DB4}
		{6EE23E0A-35AA-4948-96F3-FB2477D3FA09} = {2DD5514F-B8EA-46F3-8028-F9A32D476DB4}
		{CD753A6F-6A65-43C1-8D3B-0E699A1C06C2} = {2DD5514F-B8EA-46F3-8028-F9A32D476DB4}
		{0A0742F2-E047-44FC-B2FD-37A45A6950AC} = {022A6A39-0957-4B6E-AE37-5E957CC35C78}
		{DB4431ED-5D77-4435-BC74-AB067D7AFFC6} = {022A6A39-0957-4B6E-AE37-5E957CC35C78}
		{306406DE-337D-4E30-BC83-9A2AB5E8A34D} = {022A6A39-0957-4B6E-AE37-5E957CC35C78}
		{047EA9ED-B9E5-40B1-8AE5-DC5E708033BC} = {022A6A39-0957-4B6E-AE37-5E957CC35C78}
		{09B8EC2B-FF1C-4C13-97B9-A6C444719474} = {022A6A39-0957-4B6E-AE37-5E957CC35C78}
		{126754D2-8337-4B7E-8E59-103E02EA24DB} = {022A6A39-0957-4B6E-AE37-5E957CC35C78}
		{617A9AA5-5538-4085-829F-E77CC2CBF18B} = {022A6A39-0957-4B6E-AE37-5E957CC35C78}
		{BA08CFF8-1D1D-471C-AA20-9107F88E3765} = {022A6A39-0957-4B6E-AE37-5E957CC35C78}
		{D2BE48B8-5904-45D9-9F5C-DDA91D2B27D8} = {022A6A39-0957-4B6E-AE37-5E957CC35C78}
		{8F3EE783-7E98-478B-BB99-4837F4DA1ACD} = {022A6A39-0957-4B6E-AE37-5E957CC35C78}
	EndGlobalSection
	GlobalSection(ExtensibilityGlobals) = postSolution
		SolutionGuid = {5F5FF75A-A306-4DF1-917C-64D81150F36E}
	EndGlobalSection
EndGlobal
