
Microsoft Visual Studio Solution File, Format Version 12.00
# Visual Studio Version 17
VisualStudioVersion = 17.6.33801.468
MinimumVisualStudioVersion = 10.0.40219.1
Project("{9A19103F-16F7-4668-BE54-9A1E7A4F7556}") = "FactoryMethod", "FactoryMethod\FactoryMethod.csproj", "{1AB8422E-C7DF-4A1A-91F9-39CE9101B17F}"
EndProject
Project("{2150E333-8FDC-42A3-9474-1A3956D46DE8}") = "Creational Patterns", "Creational Patterns", "{EA476036-6D4C-4B12-8827-554203B7ACDD}"
EndProject
Project("{9A19103F-16F7-4668-BE54-9A1E7A4F7556}") = "AbstractFactory", "AbstractFactory\AbstractFactory.csproj", "{52E03445-D7A0-48B6-861E-2BE32B161819}"
EndProject
Project("{9A19103F-16F7-4668-BE54-9A1E7A4F7556}") = "Builder", "Builder\Builder.csproj", "{CB3D9B3D-BA70-473C-834C-CED69824066C}"
EndProject
Project("{9A19103F-16F7-4668-BE54-9A1E7A4F7556}") = "Prototype", "Prototype\Prototype.csproj", "{67C8A260-E40F-473D-BB2B-FAF91B777B50}"
EndProject
Project("{9A19103F-16F7-4668-BE54-9A1E7A4F7556}") = "Singleton", "Singleton\Singleton.csproj", "{0104DEB4-34A2-49E8-A932-06212FEFFCF6}"
EndProject
Project("{2150E333-8FDC-42A3-9474-1A3956D46DE8}") = "Structural Patterns", "Structural Patterns", "{C9924D83-D82C-4F68-941A-99D2198864DF}"
EndProject
Project("{9A19103F-16F7-4668-BE54-9A1E7A4F7556}") = "Adapter", "Adapter\Adapter.csproj", "{DEB37CB2-1A8B-4550-B0A6-D3A3FB30F78A}"
EndProject
Project("{9A19103F-16F7-4668-BE54-9A1E7A4F7556}") = "Bridge", "Bridge\Bridge.csproj", "{1A121895-2FE6-4481-8A45-3D12522DB928}"
EndProject
Project("{9A19103F-16F7-4668-BE54-9A1E7A4F7556}") = "Composite", "Composite\Composite.csproj", "{A203CD37-8E29-4076-9826-0BBF4243D41D}"
EndProject
Project("{9A19103F-16F7-4668-BE54-9A1E7A4F7556}") = "Decorator", "Decorator\Decorator.csproj", "{EAA767D1-D734-4344-AE17-CA7B970EDD7A}"
EndProject
Project("{9A19103F-16F7-4668-BE54-9A1E7A4F7556}") = "Facade", "Facade\Facade.csproj", "{A9C84802-B136-4868-A738-D77FEE2C2709}"
EndProject
Project("{9A19103F-16F7-4668-BE54-9A1E7A4F7556}") = "Flyweight", "Flyweight\Flyweight.csproj", "{2E40522F-C688-4524-AE1B-2096C05F29ED}"
EndProject
Project("{9A19103F-16F7-4668-BE54-9A1E7A4F7556}") = "Proxy", "Proxy\Proxy.csproj", "{3193197C-27FE-4E1A-A04B-1BEAAE5B2E0D}"
EndProject
Project("{2150E333-8FDC-42A3-9474-1A3956D46DE8}") = "Behavioral patterns", "Behavioral patterns", "{D61431AA-37EE-430B-A776-68BA25D239AB}"
EndProject
Project("{9A19103F-16F7-4668-BE54-9A1E7A4F7556}") = "ChainOfResponsibility", "ChainOfResponsibility\ChainOfResponsibility.csproj", "{FFD415D1-D427-4D8B-918D-25E7E21398A8}"
EndProject
Project("{FAE04EC0-301F-11D3-BF4B-00C04F79EFBC}") = "Command", "Command\Command.csproj", "{B5D27C13-7AAF-4604-80F5-74BD6751E6C9}"
EndProject
Project("{FAE04EC0-301F-11D3-BF4B-00C04F79EFBC}") = "Iterator", "Iterator\Iterator.csproj", "{E3A905EB-9013-4D39-BFC2-B5AB25660E19}"
EndProject
Project("{FAE04EC0-301F-11D3-BF4B-00C04F79EFBC}") = "Mediator", "Mediator\Mediator.csproj", "{A6ECE569-FDE8-4DB7-90E5-E956FB5E9056}"
EndProject
Project("{FAE04EC0-301F-11D3-BF4B-00C04F79EFBC}") = "Memento", "Memento\Memento.csproj", "{5613E076-528E-4193-B7DA-69CD2DBA5646}"
EndProject
Project("{FAE04EC0-301F-11D3-BF4B-00C04F79EFBC}") = "Observer", "Observer\Observer.csproj", "{3CF3B115-3325-445E-827B-4724100BC4F8}"
EndProject
Project("{FAE04EC0-301F-11D3-BF4B-00C04F79EFBC}") = "State", "State\State.csproj", "{7273D3F5-9BCD-4D50-A31E-BE6906F07700}"
EndProject
Project("{FAE04EC0-301F-11D3-BF4B-00C04F79EFBC}") = "Strategy", "Strategy\Strategy.csproj", "{ADBF92D8-913B-494E-8EFD-CD5C9BD12E8D}"
EndProject
Project("{FAE04EC0-301F-11D3-BF4B-00C04F79EFBC}") = "TemplateMethod", "TemplateMethod\TemplateMethod.csproj", "{D27F4376-9E64-461B-8759-C6C7265A5760}"
EndProject
Project("{FAE04EC0-301F-11D3-BF4B-00C04F79EFBC}") = "Visitor", "Visitor\Visitor.csproj", "{64CA152B-D91E-4248-B7C2-5F48080A6FD1}"
EndProject
Global
	GlobalSection(SolutionConfigurationPlatforms) = preSolution
		Debug|Any CPU = Debug|Any CPU
		Release|Any CPU = Release|Any CPU
	EndGlobalSection
	GlobalSection(ProjectConfigurationPlatforms) = postSolution
		{1AB8422E-C7DF-4A1A-91F9-39CE9101B17F}.Debug|Any CPU.ActiveCfg = Debug|Any CPU
		{1AB8422E-C7DF-4A1A-91F9-39CE9101B17F}.Debug|Any CPU.Build.0 = Debug|Any CPU
		{1AB8422E-C7DF-4A1A-91F9-39CE9101B17F}.Release|Any CPU.ActiveCfg = Release|Any CPU
		{1AB8422E-C7DF-4A1A-91F9-39CE9101B17F}.Release|Any CPU.Build.0 = Release|Any CPU
		{52E03445-D7A0-48B6-861E-2BE32B161819}.Debug|Any CPU.ActiveCfg = Debug|Any CPU
		{52E03445-D7A0-48B6-861E-2BE32B161819}.Debug|Any CPU.Build.0 = Debug|Any CPU
		{52E03445-D7A0-48B6-861E-2BE32B161819}.Release|Any CPU.ActiveCfg = Release|Any CPU
		{52E03445-D7A0-48B6-861E-2BE32B161819}.Release|Any CPU.Build.0 = Release|Any CPU
		{CB3D9B3D-BA70-473C-834C-CED69824066C}.Debug|Any CPU.ActiveCfg = Debug|Any CPU
		{CB3D9B3D-BA70-473C-834C-CED69824066C}.Debug|Any CPU.Build.0 = Debug|Any CPU
		{CB3D9B3D-BA70-473C-834C-CED69824066C}.Release|Any CPU.ActiveCfg = Release|Any CPU
		{CB3D9B3D-BA70-473C-834C-CED69824066C}.Release|Any CPU.Build.0 = Release|Any CPU
		{67C8A260-E40F-473D-BB2B-FAF91B777B50}.Debug|Any CPU.ActiveCfg = Debug|Any CPU
		{67C8A260-E40F-473D-BB2B-FAF91B777B50}.Debug|Any CPU.Build.0 = Debug|Any CPU
		{67C8A260-E40F-473D-BB2B-FAF91B777B50}.Release|Any CPU.ActiveCfg = Release|Any CPU
		{67C8A260-E40F-473D-BB2B-FAF91B777B50}.Release|Any CPU.Build.0 = Release|Any CPU
		{0104DEB4-34A2-49E8-A932-06212FEFFCF6}.Debug|Any CPU.ActiveCfg = Debug|Any CPU
		{0104DEB4-34A2-49E8-A932-06212FEFFCF6}.Debug|Any CPU.Build.0 = Debug|Any CPU
		{0104DEB4-34A2-49E8-A932-06212FEFFCF6}.Release|Any CPU.ActiveCfg = Release|Any CPU
		{0104DEB4-34A2-49E8-A932-06212FEFFCF6}.Release|Any CPU.Build.0 = Release|Any CPU
		{DEB37CB2-1A8B-4550-B0A6-D3A3FB30F78A}.Debug|Any CPU.ActiveCfg = Debug|Any CPU
		{DEB37CB2-1A8B-4550-B0A6-D3A3FB30F78A}.Debug|Any CPU.Build.0 = Debug|Any CPU
		{DEB37CB2-1A8B-4550-B0A6-D3A3FB30F78A}.Release|Any CPU.ActiveCfg = Release|Any CPU
		{DEB37CB2-1A8B-4550-B0A6-D3A3FB30F78A}.Release|Any CPU.Build.0 = Release|Any CPU
		{1A121895-2FE6-4481-8A45-3D12522DB928}.Debug|Any CPU.ActiveCfg = Debug|Any CPU
		{1A121895-2FE6-4481-8A45-3D12522DB928}.Debug|Any CPU.Build.0 = Debug|Any CPU
		{1A121895-2FE6-4481-8A45-3D12522DB928}.Release|Any CPU.ActiveCfg = Release|Any CPU
		{1A121895-2FE6-4481-8A45-3D12522DB928}.Release|Any CPU.Build.0 = Release|Any CPU
		{A203CD37-8E29-4076-9826-0BBF4243D41D}.Debug|Any CPU.ActiveCfg = Debug|Any CPU
		{A203CD37-8E29-4076-9826-0BBF4243D41D}.Debug|Any CPU.Build.0 = Debug|Any CPU
		{A203CD37-8E29-4076-9826-0BBF4243D41D}.Release|Any CPU.ActiveCfg = Release|Any CPU
		{A203CD37-8E29-4076-9826-0BBF4243D41D}.Release|Any CPU.Build.0 = Release|Any CPU
		{EAA767D1-D734-4344-AE17-CA7B970EDD7A}.Debug|Any CPU.ActiveCfg = Debug|Any CPU
		{EAA767D1-D734-4344-AE17-CA7B970EDD7A}.Debug|Any CPU.Build.0 = Debug|Any CPU
		{EAA767D1-D734-4344-AE17-CA7B970EDD7A}.Release|Any CPU.ActiveCfg = Release|Any CPU
		{EAA767D1-D734-4344-AE17-CA7B970EDD7A}.Release|Any CPU.Build.0 = Release|Any CPU
		{A9C84802-B136-4868-A738-D77FEE2C2709}.Debug|Any CPU.ActiveCfg = Debug|Any CPU
		{A9C84802-B136-4868-A738-D77FEE2C2709}.Debug|Any CPU.Build.0 = Debug|Any CPU
		{A9C84802-B136-4868-A738-D77FEE2C2709}.Release|Any CPU.ActiveCfg = Release|Any CPU
		{A9C84802-B136-4868-A738-D77FEE2C2709}.Release|Any CPU.Build.0 = Release|Any CPU
		{2E40522F-C688-4524-AE1B-2096C05F29ED}.Debug|Any CPU.ActiveCfg = Debug|Any CPU
		{2E40522F-C688-4524-AE1B-2096C05F29ED}.Debug|Any CPU.Build.0 = Debug|Any CPU
		{2E40522F-C688-4524-AE1B-2096C05F29ED}.Release|Any CPU.ActiveCfg = Release|Any CPU
		{2E40522F-C688-4524-AE1B-2096C05F29ED}.Release|Any CPU.Build.0 = Release|Any CPU
		{3193197C-27FE-4E1A-A04B-1BEAAE5B2E0D}.Debug|Any CPU.ActiveCfg = Debug|Any CPU
		{3193197C-27FE-4E1A-A04B-1BEAAE5B2E0D}.Debug|Any CPU.Build.0 = Debug|Any CPU
		{3193197C-27FE-4E1A-A04B-1BEAAE5B2E0D}.Release|Any CPU.ActiveCfg = Release|Any CPU
		{3193197C-27FE-4E1A-A04B-1BEAAE5B2E0D}.Release|Any CPU.Build.0 = Release|Any CPU
		{FFD415D1-D427-4D8B-918D-25E7E21398A8}.Debug|Any CPU.ActiveCfg = Debug|Any CPU
		{FFD415D1-D427-4D8B-918D-25E7E21398A8}.Debug|Any CPU.Build.0 = Debug|Any CPU
		{FFD415D1-D427-4D8B-918D-25E7E21398A8}.Release|Any CPU.ActiveCfg = Release|Any CPU
		{FFD415D1-D427-4D8B-918D-25E7E21398A8}.Release|Any CPU.Build.0 = Release|Any CPU
		{B5D27C13-7AAF-4604-80F5-74BD6751E6C9}.Debug|Any CPU.ActiveCfg = Debug|Any CPU
		{B5D27C13-7AAF-4604-80F5-74BD6751E6C9}.Debug|Any CPU.Build.0 = Debug|Any CPU
		{B5D27C13-7AAF-4604-80F5-74BD6751E6C9}.Release|Any CPU.ActiveCfg = Release|Any CPU
		{B5D27C13-7AAF-4604-80F5-74BD6751E6C9}.Release|Any CPU.Build.0 = Release|Any CPU
		{E3A905EB-9013-4D39-BFC2-B5AB25660E19}.Debug|Any CPU.ActiveCfg = Debug|Any CPU
		{E3A905EB-9013-4D39-BFC2-B5AB25660E19}.Debug|Any CPU.Build.0 = Debug|Any CPU
		{E3A905EB-9013-4D39-BFC2-B5AB25660E19}.Release|Any CPU.ActiveCfg = Release|Any CPU
		{E3A905EB-9013-4D39-BFC2-B5AB25660E19}.Release|Any CPU.Build.0 = Release|Any CPU
		{A6ECE569-FDE8-4DB7-90E5-E956FB5E9056}.Debug|Any CPU.ActiveCfg = Debug|Any CPU
		{A6ECE569-FDE8-4DB7-90E5-E956FB5E9056}.Debug|Any CPU.Build.0 = Debug|Any CPU
		{A6ECE569-FDE8-4DB7-90E5-E956FB5E9056}.Release|Any CPU.ActiveCfg = Release|Any CPU
		{A6ECE569-FDE8-4DB7-90E5-E956FB5E9056}.Release|Any CPU.Build.0 = Release|Any CPU
		{5613E076-528E-4193-B7DA-69CD2DBA5646}.Debug|Any CPU.ActiveCfg = Debug|Any CPU
		{5613E076-528E-4193-B7DA-69CD2DBA5646}.Debug|Any CPU.Build.0 = Debug|Any CPU
		{5613E076-528E-4193-B7DA-69CD2DBA5646}.Release|Any CPU.ActiveCfg = Release|Any CPU
		{5613E076-528E-4193-B7DA-69CD2DBA5646}.Release|Any CPU.Build.0 = Release|Any CPU
		{3CF3B115-3325-445E-827B-4724100BC4F8}.Debug|Any CPU.ActiveCfg = Debug|Any CPU
		{3CF3B115-3325-445E-827B-4724100BC4F8}.Debug|Any CPU.Build.0 = Debug|Any CPU
		{3CF3B115-3325-445E-827B-4724100BC4F8}.Release|Any CPU.ActiveCfg = Release|Any CPU
		{3CF3B115-3325-445E-827B-4724100BC4F8}.Release|Any CPU.Build.0 = Release|Any CPU
		{7273D3F5-9BCD-4D50-A31E-BE6906F07700}.Debug|Any CPU.ActiveCfg = Debug|Any CPU
		{7273D3F5-9BCD-4D50-A31E-BE6906F07700}.Debug|Any CPU.Build.0 = Debug|Any CPU
		{7273D3F5-9BCD-4D50-A31E-BE6906F07700}.Release|Any CPU.ActiveCfg = Release|Any CPU
		{7273D3F5-9BCD-4D50-A31E-BE6906F07700}.Release|Any CPU.Build.0 = Release|Any CPU
		{ADBF92D8-913B-494E-8EFD-CD5C9BD12E8D}.Debug|Any CPU.ActiveCfg = Debug|Any CPU
		{ADBF92D8-913B-494E-8EFD-CD5C9BD12E8D}.Debug|Any CPU.Build.0 = Debug|Any CPU
		{ADBF92D8-913B-494E-8EFD-CD5C9BD12E8D}.Release|Any CPU.ActiveCfg = Release|Any CPU
		{ADBF92D8-913B-494E-8EFD-CD5C9BD12E8D}.Release|Any CPU.Build.0 = Release|Any CPU
		{D27F4376-9E64-461B-8759-C6C7265A5760}.Debug|Any CPU.ActiveCfg = Debug|Any CPU
		{D27F4376-9E64-461B-8759-C6C7265A5760}.Debug|Any CPU.Build.0 = Debug|Any CPU
		{D27F4376-9E64-461B-8759-C6C7265A5760}.Release|Any CPU.ActiveCfg = Release|Any CPU
		{D27F4376-9E64-461B-8759-C6C7265A5760}.Release|Any CPU.Build.0 = Release|Any CPU
		{64CA152B-D91E-4248-B7C2-5F48080A6FD1}.Debug|Any CPU.ActiveCfg = Debug|Any CPU
		{64CA152B-D91E-4248-B7C2-5F48080A6FD1}.Debug|Any CPU.Build.0 = Debug|Any CPU
		{64CA152B-D91E-4248-B7C2-5F48080A6FD1}.Release|Any CPU.ActiveCfg = Release|Any CPU
		{64CA152B-D91E-4248-B7C2-5F48080A6FD1}.Release|Any CPU.Build.0 = Release|Any CPU
	EndGlobalSection
	GlobalSection(SolutionProperties) = preSolution
		HideSolutionNode = FALSE
	EndGlobalSection
	GlobalSection(NestedProjects) = preSolution
		{1AB8422E-C7DF-4A1A-91F9-39CE9101B17F} = {EA476036-6D4C-4B12-8827-554203B7ACDD}
		{52E03445-D7A0-48B6-861E-2BE32B161819} = {EA476036-6D4C-4B12-8827-554203B7ACDD}
		{CB3D9B3D-BA70-473C-834C-CED69824066C} = {EA476036-6D4C-4B12-8827-554203B7ACDD}
		{67C8A260-E40F-473D-BB2B-FAF91B777B50} = {EA476036-6D4C-4B12-8827-554203B7ACDD}
		{0104DEB4-34A2-49E8-A932-06212FEFFCF6} = {EA476036-6D4C-4B12-8827-554203B7ACDD}
		{DEB37CB2-1A8B-4550-B0A6-D3A3FB30F78A} = {C9924D83-D82C-4F68-941A-99D2198864DF}
		{1A121895-2FE6-4481-8A45-3D12522DB928} = {C9924D83-D82C-4F68-941A-99D2198864DF}
		{A203CD37-8E29-4076-9826-0BBF4243D41D} = {C9924D83-D82C-4F68-941A-99D2198864DF}
		{EAA767D1-D734-4344-AE17-CA7B970EDD7A} = {C9924D83-D82C-4F68-941A-99D2198864DF}
		{A9C84802-B136-4868-A738-D77FEE2C2709} = {C9924D83-D82C-4F68-941A-99D2198864DF}
		{2E40522F-C688-4524-AE1B-2096C05F29ED} = {C9924D83-D82C-4F68-941A-99D2198864DF}
		{3193197C-27FE-4E1A-A04B-1BEAAE5B2E0D} = {C9924D83-D82C-4F68-941A-99D2198864DF}
		{FFD415D1-D427-4D8B-918D-25E7E21398A8} = {D61431AA-37EE-430B-A776-68BA25D239AB}
		{B5D27C13-7AAF-4604-80F5-74BD6751E6C9} = {D61431AA-37EE-430B-A776-68BA25D239AB}
		{E3A905EB-9013-4D39-BFC2-B5AB25660E19} = {D61431AA-37EE-430B-A776-68BA25D239AB}
		{A6ECE569-FDE8-4DB7-90E5-E956FB5E9056} = {D61431AA-37EE-430B-A776-68BA25D239AB}
		{5613E076-528E-4193-B7DA-69CD2DBA5646} = {D61431AA-37EE-430B-A776-68BA25D239AB}
		{3CF3B115-3325-445E-827B-4724100BC4F8} = {D61431AA-37EE-430B-A776-68BA25D239AB}
		{7273D3F5-9BCD-4D50-A31E-BE6906F07700} = {D61431AA-37EE-430B-A776-68BA25D239AB}
		{ADBF92D8-913B-494E-8EFD-CD5C9BD12E8D} = {D61431AA-37EE-430B-A776-68BA25D239AB}
		{D27F4376-9E64-461B-8759-C6C7265A5760} = {D61431AA-37EE-430B-A776-68BA25D239AB}
		{64CA152B-D91E-4248-B7C2-5F48080A6FD1} = {D61431AA-37EE-430B-A776-68BA25D239AB}
	EndGlobalSection
	GlobalSection(ExtensibilityGlobals) = postSolution
		SolutionGuid = {5F5FF75A-A306-4DF1-917C-64D81150F36E}
	EndGlobalSection
EndGlobal
